
Microsoft Visual Studio Solution File, Format Version 12.00
# Visual Studio Version 17
VisualStudioVersion = 17.4.33122.133
MinimumVisualStudioVersion = 10.0.40219.1
Project("{9A19103F-16F7-4668-BE54-9A1E7A4F7556}") = "MyWeb", "MyWeb\MyWeb.csproj", "{A1276EF1-2E24-4C47-A3C0-0D91A44256FB}"
EndProject
Global
	GlobalSection(SolutionConfigurationPlatforms) = preSolution
		Debug|Any CPU = Debug|Any CPU
		Release|Any CPU = Release|Any CPU
	EndGlobalSection
	GlobalSection(ProjectConfigurationPlatforms) = postSolution
		{A1276EF1-2E24-4C47-A3C0-0D91A44256FB}.Debug|Any CPU.ActiveCfg = Debug|Any CPU
		{A1276EF1-2E24-4C47-A3C0-0D91A44256FB}.Debug|Any CPU.Build.0 = Debug|Any CPU
		{A1276EF1-2E24-4C47-A3C0-0D91A44256FB}.Release|Any CPU.ActiveCfg = Release|Any CPU
		{A1276EF1-2E24-4C47-A3C0-0D91A44256FB}.Release|Any CPU.Build.0 = Release|Any CPU
	EndGlobalSection
	GlobalSection(SolutionProperties) = preSolution
		HideSolutionNode = FALSE
	EndGlobalSection
	GlobalSection(ExtensibilityGlobals) = postSolution
		SolutionGuid = {50F6949F-D2A3-414A-BD8F-649AF6DB6D69}
	EndGlobalSection
EndGlobal
